<?xml version="1.0" encoding="utf-8"?>
<Project ToolsVersion="4.0" xmlns="http://schemas.microsoft.com/developer/msbuild/2003">
  <ItemGroup>
    <Filter Include="Source Files">
      <UniqueIdentifier>{4FC737F1-C7A5-4376-A066-2A32D752A2FF}</UniqueIdentifier>
      <Extensions>cpp;c;cc;cxx;def;odl;idl;hpj;bat;asm;asmx</Extensions>
    </Filter>
    <Filter Include="Header Files">
      <UniqueIdentifier>{93995380-89BD-4b04-88EB-625FBE52EBFB}</UniqueIdentifier>
      <Extensions>h;hpp;hxx;hm;inl;inc;xsd</Extensions>
    </Filter>
    <Filter Include="Resource Files">
      <UniqueIdentifier>{67DA6AB6-F800-4c08-8B7A-83BB121AAD01}</UniqueIdentifier>
      <Extensions>rc;ico;cur;bmp;dlg;rc2;rct;bin;rgs;gif;jpg;jpeg;jpe;resx;tiff;tif;png;wav</Extensions>
    </Filter>
  </ItemGroup>
  <ItemGroup>
    <ClCompile Include="ABCD.cpp">
      <Filter>Source Files</Filter>
    </ClCompile>
    <ClCompile Include="ABCDEF.cpp">
      <Filter>Source Files</Filter>
    </ClCompile>
    <ClCompile Include="ABSYS.cpp">
      <Filter>Source Files</Filter>
    </ClCompile>
    <ClCompile Include="ACPC11B.cpp">
      <Filter>Source Files</Filter>
    </ClCompile>
    <ClCompile Include="ADDREV.cpp">
      <Filter>Source Files</Filter>
    </ClCompile>
    <ClCompile Include="ALLIZWEL.cpp">
      <Filter>Source Files</Filter>
    </ClCompile>
    <ClCompile Include="AMR10G.cpp">
      <Filter>Source Files</Filter>
    </ClCompile>
    <ClCompile Include="AMR11E.cpp">
      <Filter>Source Files</Filter>
    </ClCompile>
    <ClCompile Include="ANARC07C.cpp">
      <Filter>Source Files</Filter>
    </ClCompile>
    <ClCompile Include="ANARC08E.cpp">
      <Filter>Source Files</Filter>
    </ClCompile>
    <ClCompile Include="ANARC08F.cpp">
      <Filter>Source Files</Filter>
    </ClCompile>
    <ClCompile Include="ANARC08G.cpp">
      <Filter>Source Files</Filter>
    </ClCompile>
    <ClCompile Include="ARDA1.cpp">
      <Filter>Source Files</Filter>
    </ClCompile>
    <ClCompile Include="ARRANGE.cpp">
      <Filter>Source Files</Filter>
    </ClCompile>
    <ClCompile Include="ARRAYSUB.cpp">
      <Filter>Source Files</Filter>
    </ClCompile>
    <ClCompile Include="BLINNET.cpp">
      <Filter>Source Files</Filter>
    </ClCompile>
    <ClCompile Include="BRCKTS.cpp">
      <Filter>Source Files</Filter>
    </ClCompile>
    <ClCompile Include="BUGLIFE.cpp">
      <Filter>Source Files</Filter>
    </ClCompile>
    <ClCompile Include="CAM5.cpp">
      <Filter>Source Files</Filter>
    </ClCompile>
    <ClCompile Include="CERC07K.cpp">
      <Filter>Source Files</Filter>
    </ClCompile>
    <ClCompile Include="CODEIT03.cpp">
      <Filter>Source Files</Filter>
    </ClCompile>
    <ClCompile Include="CONGA.cpp">
      <Filter>Source Files</Filter>
    </ClCompile>
    <ClCompile Include="CTRICK.cpp">
      <Filter>Source Files</Filter>
    </ClCompile>
    <ClCompile Include="EASUDOKU.cpp">
      <Filter>Source Files</Filter>
    </ClCompile>
    <ClCompile Include="ENCONDIN.cpp">
      <Filter>Source Files</Filter>
    </ClCompile>
    <ClCompile Include="FIBOFUN.cpp">
      <Filter>Source Files</Filter>
    </ClCompile>
    <ClCompile Include="FIBOSUM.cpp">
      <Filter>Source Files</Filter>
    </ClCompile>
    <ClCompile Include="FREQUENT.cpp">
      <Filter>Source Files</Filter>
    </ClCompile>
    <ClCompile Include="GSS1.cpp">
      <Filter>Source Files</Filter>
    </ClCompile>
    <ClCompile Include="GSS3.cpp">
      <Filter>Source Files</Filter>
    </ClCompile>
    <ClCompile Include="HORRIBLE.cpp">
      <Filter>Source Files</Filter>
    </ClCompile>
    <ClCompile Include="HSEQ.cpp">
      <Filter>Source Files</Filter>
    </ClCompile>
    <ClCompile Include="INVCNT.cpp">
      <Filter>Source Files</Filter>
    </ClCompile>
    <ClCompile Include="IPS.cpp">
      <Filter>Source Files</Filter>
    </ClCompile>
    <ClCompile Include="JAVAC.cpp">
      <Filter>Source Files</Filter>
    </ClCompile>
    <ClCompile Include="KGSS.cpp">
      <Filter>Source Files</Filter>
    </ClCompile>
    <ClCompile Include="MAIN8_E.cpp">
      <Filter>Source Files</Filter>
    </ClCompile>
    <ClCompile Include="MAXSUMSQ.cpp">
      <Filter>Source Files</Filter>
    </ClCompile>
    <ClCompile Include="MBALL.cpp">
      <Filter>Source Files</Filter>
    </ClCompile>
    <ClCompile Include="MELE3.cpp">
      <Filter>Source Files</Filter>
    </ClCompile>
    <ClCompile Include="MERGSORT.cpp">
      <Filter>Source Files</Filter>
    </ClCompile>
    <ClCompile Include="MFISH.cpp">
      <Filter>Source Files</Filter>
    </ClCompile>
    <ClCompile Include="MICEMAZE.cpp">
      <Filter>Source Files</Filter>
    </ClCompile>
    <ClCompile Include="MINMOVE.cpp">
      <Filter>Source Files</Filter>
    </ClCompile>
    <ClCompile Include="MKTHNUM.cpp">
      <Filter>Source Files</Filter>
    </ClCompile>
    <ClCompile Include="MLASERP.cpp">
      <Filter>Source Files</Filter>
    </ClCompile>
    <ClCompile Include="MREPLBRC.cpp">
      <Filter>Source Files</Filter>
    </ClCompile>
    <ClCompile Include="MST.cpp">
      <Filter>Source Files</Filter>
    </ClCompile>
    <ClCompile Include="MULTQ3.cpp">
      <Filter>Source Files</Filter>
    </ClCompile>
    <ClCompile Include="PEROID.cpp">
      <Filter>Source Files</Filter>
    </ClCompile>
    <ClCompile Include="PHONELST.cpp">
      <Filter>Source Files</Filter>
    </ClCompile>
    <ClCompile Include="PRIME1.cpp">
      <Filter>Source Files</Filter>
    </ClCompile>
    <ClCompile Include="QUERYSTR.cpp">
      <Filter>Source Files</Filter>
    </ClCompile>
    <ClCompile Include="ROBOTGRI.cpp">
      <Filter>Source Files</Filter>
    </ClCompile>
    <ClCompile Include="ROMANN.cpp">
      <Filter>Source Files</Filter>
    </ClCompile>
    <ClCompile Include="SAMER08A.cpp">
      <Filter>Source Files</Filter>
    </ClCompile>
    <ClCompile Include="SAMTWARR.cpp">
      <Filter>Source Files</Filter>
    </ClCompile>
    <ClCompile Include="SARRAY.cpp">
      <Filter>Source Files</Filter>
    </ClCompile>
    <ClCompile Include="SHPATH.cpp">
      <Filter>Source Files</Filter>
    </ClCompile>
    <ClCompile Include="SOCOLA.cpp">
      <Filter>Source Files</Filter>
    </ClCompile>
    <ClCompile Include="SUBLEX.cpp">
      <Filter>Source Files</Filter>
    </ClCompile>
    <ClCompile Include="SUBST1.cpp">
      <Filter>Source Files</Filter>
    </ClCompile>
    <ClCompile Include="SUB_PROB.cpp">
      <Filter>Source Files</Filter>
    </ClCompile>
    <ClCompile Include="TDKPRIME.cpp">
      <Filter>Source Files</Filter>
    </ClCompile>
    <ClCompile Include="test.cpp">
      <Filter>Source Files</Filter>
    </ClCompile>
    <ClCompile Include="TILING.cpp">
      <Filter>Source Files</Filter>
    </ClCompile>
    <ClCompile Include="WEIRDFN.cpp">
      <Filter>Source Files</Filter>
    </ClCompile>
    <ClCompile Include="WORDCNT.cpp">
      <Filter>Source Files</Filter>
    </ClCompile>
    <ClCompile Include="XMEDIAN.cpp">
      <Filter>Source Files</Filter>
    </ClCompile>
    <ClCompile Include="YODANESS.cpp">
      <Filter>Source Files</Filter>
    </ClCompile>
  </ItemGroup>
</Project>